
Microsoft Visual Studio Solution File, Format Version 12.00
# Visual Studio Version 17
VisualStudioVersion = 17.3.32901.215
MinimumVisualStudioVersion = 10.0.40219.1
Project("{FAE04EC0-301F-11D3-BF4B-00C04F79EFBC}") = "HardwareStoreMat4", "HardwareStoreMat4.csproj", "{ACCB6D68-E38A-4994-B63D-775530F11487}"
EndProject
Global
	GlobalSection(SolutionConfigurationPlatforms) = preSolution
		Debug|Any CPU = Debug|Any CPU
		Release|Any CPU = Release|Any CPU
	EndGlobalSection
	GlobalSection(ProjectConfigurationPlatforms) = postSolution
		{ACCB6D68-E38A-4994-B63D-775530F11487}.Debug|Any CPU.ActiveCfg = Debug|Any CPU
		{ACCB6D68-E38A-4994-B63D-775530F11487}.Debug|Any CPU.Build.0 = Debug|Any CPU
		{ACCB6D68-E38A-4994-B63D-775530F11487}.Release|Any CPU.ActiveCfg = Release|Any CPU
		{ACCB6D68-E38A-4994-B63D-775530F11487}.Release|Any CPU.Build.0 = Release|Any CPU
	EndGlobalSection
	GlobalSection(SolutionProperties) = preSolution
		HideSolutionNode = FALSE
	EndGlobalSection
	GlobalSection(ExtensibilityGlobals) = postSolution
		SolutionGuid = {CC0AB57D-6C34-4FA6-922C-2AE179FDE83B}
	EndGlobalSection
EndGlobal
